
Microsoft Visual Studio Solution File, Format Version 12.00
# Visual Studio Version 17
VisualStudioVersion = 17.10.34928.147
MinimumVisualStudioVersion = 10.0.40219.1
Project("{9A19103F-16F7-4668-BE54-9A1E7A4F7556}") = "RoadDefectsService.Presentation.Web", "RoadDefectsService.Presentation.Web\RoadDefectsService.Presentation.Web.csproj", "{5F140F36-E71A-4BC4-ABB4-9CBA61179732}"
EndProject
Project("{9A19103F-16F7-4668-BE54-9A1E7A4F7556}") = "RoadDefectsService.Core.Application", "RoadDefectsService.Core.Application\RoadDefectsService.Core.Application.csproj", "{24CC9743-4D1F-4D89-B43C-C1F4657EA705}"
EndProject
Project("{9A19103F-16F7-4668-BE54-9A1E7A4F7556}") = "RoadDefectsService.Core.Domain", "RoadDefectsService.Core.Domain\RoadDefectsService.Core.Domain.csproj", "{26120F6F-9845-459D-81E4-F4074C93EE33}"
EndProject
Project("{9A19103F-16F7-4668-BE54-9A1E7A4F7556}") = "RoadDefectsService.Infrastructure.Identity", "RoadDefectsService.Infrastructure.Identity\RoadDefectsService.Infrastructure.Identity.csproj", "{5465DFB4-F4BC-4F64-85FE-9825428C7CF1}"
EndProject
Project("{9A19103F-16F7-4668-BE54-9A1E7A4F7556}") = "RoadDefectsService.Infrastructure.SMTP", "RoadDefectsService.Infrastructure.SMTP\RoadDefectsService.Infrastructure.SMTP.csproj", "{A9BE357E-96B4-4F13-9217-5AF51A242084}"
EndProject
Project("{E53339B2-1760-4266-BCC7-CA923CBCF16C}") = "docker-compose", "docker-compose.dcproj", "{B7A8F51C-AD59-468B-A1D3-2FD5C1DD7744}"
EndProject
Project("{FAE04EC0-301F-11D3-BF4B-00C04F79EFBC}") = "RoadDefectsService.Infrastructure.DinkToPdf", "RoadDefectsService.Infrastructure.DinkToPdf\RoadDefectsService.Infrastructure.DinkToPdf.csproj", "{19556E09-35F8-4424-B97C-B17250A68F56}"
EndProject
Global
	GlobalSection(SolutionConfigurationPlatforms) = preSolution
		Debug|Any CPU = Debug|Any CPU
		Release|Any CPU = Release|Any CPU
	EndGlobalSection
	GlobalSection(ProjectConfigurationPlatforms) = postSolution
		{5F140F36-E71A-4BC4-ABB4-9CBA61179732}.Debug|Any CPU.ActiveCfg = Debug|Any CPU
		{5F140F36-E71A-4BC4-ABB4-9CBA61179732}.Debug|Any CPU.Build.0 = Debug|Any CPU
		{5F140F36-E71A-4BC4-ABB4-9CBA61179732}.Release|Any CPU.ActiveCfg = Release|Any CPU
		{5F140F36-E71A-4BC4-ABB4-9CBA61179732}.Release|Any CPU.Build.0 = Release|Any CPU
		{24CC9743-4D1F-4D89-B43C-C1F4657EA705}.Debug|Any CPU.ActiveCfg = Debug|Any CPU
		{24CC9743-4D1F-4D89-B43C-C1F4657EA705}.Debug|Any CPU.Build.0 = Debug|Any CPU
		{24CC9743-4D1F-4D89-B43C-C1F4657EA705}.Release|Any CPU.ActiveCfg = Release|Any CPU
		{24CC9743-4D1F-4D89-B43C-C1F4657EA705}.Release|Any CPU.Build.0 = Release|Any CPU
		{26120F6F-9845-459D-81E4-F4074C93EE33}.Debug|Any CPU.ActiveCfg = Debug|Any CPU
		{26120F6F-9845-459D-81E4-F4074C93EE33}.Debug|Any CPU.Build.0 = Debug|Any CPU
		{26120F6F-9845-459D-81E4-F4074C93EE33}.Release|Any CPU.ActiveCfg = Release|Any CPU
		{26120F6F-9845-459D-81E4-F4074C93EE33}.Release|Any CPU.Build.0 = Release|Any CPU
		{5465DFB4-F4BC-4F64-85FE-9825428C7CF1}.Debug|Any CPU.ActiveCfg = Debug|Any CPU
		{5465DFB4-F4BC-4F64-85FE-9825428C7CF1}.Debug|Any CPU.Build.0 = Debug|Any CPU
		{5465DFB4-F4BC-4F64-85FE-9825428C7CF1}.Release|Any CPU.ActiveCfg = Release|Any CPU
		{5465DFB4-F4BC-4F64-85FE-9825428C7CF1}.Release|Any CPU.Build.0 = Release|Any CPU
		{A9BE357E-96B4-4F13-9217-5AF51A242084}.Debug|Any CPU.ActiveCfg = Debug|Any CPU
		{A9BE357E-96B4-4F13-9217-5AF51A242084}.Debug|Any CPU.Build.0 = Debug|Any CPU
		{A9BE357E-96B4-4F13-9217-5AF51A242084}.Release|Any CPU.ActiveCfg = Release|Any CPU
		{A9BE357E-96B4-4F13-9217-5AF51A242084}.Release|Any CPU.Build.0 = Release|Any CPU
		{B7A8F51C-AD59-468B-A1D3-2FD5C1DD7744}.Debug|Any CPU.ActiveCfg = Debug|Any CPU
		{B7A8F51C-AD59-468B-A1D3-2FD5C1DD7744}.Debug|Any CPU.Build.0 = Debug|Any CPU
		{B7A8F51C-AD59-468B-A1D3-2FD5C1DD7744}.Release|Any CPU.ActiveCfg = Release|Any CPU
		{B7A8F51C-AD59-468B-A1D3-2FD5C1DD7744}.Release|Any CPU.Build.0 = Release|Any CPU
		{19556E09-35F8-4424-B97C-B17250A68F56}.Debug|Any CPU.ActiveCfg = Debug|Any CPU
		{19556E09-35F8-4424-B97C-B17250A68F56}.Debug|Any CPU.Build.0 = Debug|Any CPU
		{19556E09-35F8-4424-B97C-B17250A68F56}.Release|Any CPU.ActiveCfg = Release|Any CPU
		{19556E09-35F8-4424-B97C-B17250A68F56}.Release|Any CPU.Build.0 = Release|Any CPU
	EndGlobalSection
	GlobalSection(SolutionProperties) = preSolution
		HideSolutionNode = FALSE
	EndGlobalSection
	GlobalSection(ExtensibilityGlobals) = postSolution
		SolutionGuid = {AE9879B5-555C-45E5-AF40-119AD96EED7E}
	EndGlobalSection
EndGlobal
